<?xml version="1.0" encoding="utf-8"?>
<Project ToolsVersion="4.0" xmlns="http://schemas.microsoft.com/developer/msbuild/2003">
  <ItemGroup>
    <Filter Include="Source Files">
      <UniqueIdentifier>{cebd8fef-c050-4ec4-acb4-b450df43e8f7}</UniqueIdentifier>
      <Extensions>cpp;c;cxx;rc;def;r;odl;idl;hpj;bat</Extensions>
    </Filter>
    <Filter Include="Header Files">
      <UniqueIdentifier>{7d0f22cb-3272-4e73-be3d-14348c2f563f}</UniqueIdentifier>
      <Extensions>h;hpp;hxx;hm;inl</Extensions>
    </Filter>
    <Filter Include="Other Files">
      <UniqueIdentifier>{46249cb3-8802-426c-b5c5-edd2e82ad961}</UniqueIdentifier>
      <Extensions>.def</Extensions>
    </Filter>
    <Filter Include="Resource Files">
      <UniqueIdentifier>{586171cb-b3c8-49e9-9317-68332a820637}</UniqueIdentifier>
      <Extensions>ico;cur;bmp;dlg;rc2;rct;bin;rgs;gif;jpg;jpeg;jpe</Extensions>
    </Filter>
  </ItemGroup>
  <ItemGroup>
    <ClCompile Include="..\lib\vorbisenc.c">
      <Filter>Source Files</Filter>
    </ClCompile>
  </ItemGroup>
  <ItemGroup>
    <ClInclude Include="..\include\vorbis\vorbisenc.h">
      <Filter>Header Files</Filter>
    </ClInclude>
  </ItemGroup>
  <ItemGroup>
    <CustomBuild Include="vorbisenc.def">
      <Filter>Other Files</Filter>
    </CustomBuild>
  </ItemGroup>
</Project>