Microsoft Visual Studio Solution File, Format Version 12.00
# Visual Studio 2013
VisualStudioVersion = 12.0.40302.0
MinimumVisualStudioVersion = 10.0.40219.1
Project("{8BC9CEB8-8B4A-11D0-8D11-00A0C91BC942}") = "vorbis_static", "vorbis_static.vcxproj", "{0D5407D3-B967-C7B1-1EE6-99F713608C42}"
EndProject
Project("{8BC9CEB8-8B4A-11D0-8D11-00A0C91BC942}") = "vorbisenc_static", "vorbisenc_static.vcxproj", "{1674EF9F-9461-2AC4-6656-7D72ACBD8C4E}"
	ProjectSection(ProjectDependencies) = postProject
		{0D5407D3-B967-C7B1-1EE6-99F713608C42} = {0D5407D3-B967-C7B1-1EE6-99F713608C42}
	EndProjectSection
EndProject
Project("{8BC9CEB8-8B4A-11D0-8D11-00A0C91BC942}") = "vorbisfile_static", "vorbisfile_static.vcxproj", "{D3FC0667-E15E-6242-AA18-B35AADA42B96}"
	ProjectSection(ProjectDependencies) = postProject
		{0D5407D3-B967-C7B1-1EE6-99F713608C42} = {0D5407D3-B967-C7B1-1EE6-99F713608C42}
	EndProjectSection
EndProject
Global
	GlobalSection(SolutionConfigurationPlatforms) = preSolution
		Release|Win32 = Release|Win32
		Release|x64 = Release|x64
	EndGlobalSection
	GlobalSection(ProjectConfigurationPlatforms) = postSolution
		{0D5407D3-B967-C7B1-1EE6-99F713608C42}.Release|Win32.ActiveCfg = Release|Win32
		{0D5407D3-B967-C7B1-1EE6-99F713608C42}.Release|Win32.Build.0 = Release|Win32
		{0D5407D3-B967-C7B1-1EE6-99F713608C42}.Release|x64.ActiveCfg = Release|x64
		{0D5407D3-B967-C7B1-1EE6-99F713608C42}.Release|x64.Build.0 = Release|x64
		{1674EF9F-9461-2AC4-6656-7D72ACBD8C4E}.Release|Win32.ActiveCfg = Release|Win32
		{1674EF9F-9461-2AC4-6656-7D72ACBD8C4E}.Release|Win32.Build.0 = Release|Win32
		{1674EF9F-9461-2AC4-6656-7D72ACBD8C4E}.Release|x64.ActiveCfg = Release|x64
		{1674EF9F-9461-2AC4-6656-7D72ACBD8C4E}.Release|x64.Build.0 = Release|x64
		{D3FC0667-E15E-6242-AA18-B35AADA42B96}.Release|Win32.ActiveCfg = Release|Win32
		{D3FC0667-E15E-6242-AA18-B35AADA42B96}.Release|Win32.Build.0 = Release|Win32
		{D3FC0667-E15E-6242-AA18-B35AADA42B96}.Release|x64.ActiveCfg = Release|x64
		{D3FC0667-E15E-6242-AA18-B35AADA42B96}.Release|x64.Build.0 = Release|x64
	EndGlobalSection
	GlobalSection(SolutionProperties) = preSolution
		HideSolutionNode = FALSE
	EndGlobalSection
EndGlobal
