<?xml version="1.0" encoding="utf-8"?>
<Project ToolsVersion="4.0" xmlns="http://schemas.microsoft.com/developer/msbuild/2003">
  <ItemGroup>
    <Filter Include="Source Files">
      <UniqueIdentifier>{4e898ca2-56ef-4842-bf47-9935be3492a9}</UniqueIdentifier>
      <Extensions>cpp;c;cxx;rc;def;r;odl;idl;hpj;bat</Extensions>
    </Filter>
    <Filter Include="Header Files">
      <UniqueIdentifier>{6b034f6c-3f1d-4d2d-b1bc-a7f7a68470c1}</UniqueIdentifier>
      <Extensions>h;hpp;hxx;hm;inl</Extensions>
    </Filter>
    <Filter Include="Other Files">
      <UniqueIdentifier>{62f0bfb2-8a94-49fd-b078-f4222d4bc9e6}</UniqueIdentifier>
      <Extensions>.def</Extensions>
    </Filter>
    <Filter Include="Resource Files">
      <UniqueIdentifier>{08cc4dd4-eb56-44f6-8b97-a3287f839264}</UniqueIdentifier>
      <Extensions>ico;cur;bmp;dlg;rc2;rct;bin;rgs;gif;jpg;jpeg;jpe</Extensions>
    </Filter>
  </ItemGroup>
  <ItemGroup>
    <ClCompile Include="..\src\bitwise.c">
      <Filter>Source Files</Filter>
    </ClCompile>
    <ClCompile Include="..\src\framing.c">
      <Filter>Source Files</Filter>
    </ClCompile>
  </ItemGroup>
  <ItemGroup>
    <ClInclude Include="..\include\ogg\ogg.h">
      <Filter>Header Files</Filter>
    </ClInclude>
    <ClInclude Include="..\include\ogg\os_types.h">
      <Filter>Header Files</Filter>
    </ClInclude>
  </ItemGroup>
  <ItemGroup>
    <CustomBuild Include="ogg.def">
      <Filter>Other Files</Filter>
    </CustomBuild>
  </ItemGroup>
</Project>